
Microsoft Visual Studio Solution File, Format Version 12.00
# Visual Studio 15
VisualStudioVersion = 15.0.28307.136
MinimumVisualStudioVersion = 10.0.40219.1
Project("{FAE04EC0-301F-11D3-BF4B-00C04F79EFBC}") = "MojoDynamicApplicationBuilderTest", "MojoDynamicApplicationBuilderTest\MojoDynamicApplicationBuilderTest.csproj", "{02639E81-165F-4252-8741-1F6EC4E941FD}"
EndProject
Global
	GlobalSection(SolutionConfigurationPlatforms) = preSolution
		Debug|Any CPU = Debug|Any CPU
		Release|Any CPU = Release|Any CPU
	EndGlobalSection
	GlobalSection(ProjectConfigurationPlatforms) = postSolution
		{02639E81-165F-4252-8741-1F6EC4E941FD}.Debug|Any CPU.ActiveCfg = Debug|Any CPU
		{02639E81-165F-4252-8741-1F6EC4E941FD}.Debug|Any CPU.Build.0 = Debug|Any CPU
		{02639E81-165F-4252-8741-1F6EC4E941FD}.Release|Any CPU.ActiveCfg = Release|Any CPU
		{02639E81-165F-4252-8741-1F6EC4E941FD}.Release|Any CPU.Build.0 = Release|Any CPU
	EndGlobalSection
	GlobalSection(SolutionProperties) = preSolution
		HideSolutionNode = FALSE
	EndGlobalSection
	GlobalSection(ExtensibilityGlobals) = postSolution
		SolutionGuid = {FB77403C-80DF-48DA-ADA1-9E02DCA17F24}
	EndGlobalSection
EndGlobal
